{
  "version": 4,
  "terraform_version": "0.12.28",
  "serial": 5,
  "lineage": "14190b47-665c-575d-71e2-47b89acc6c2a",
  "outputs": {},
  "resources": [
    {
      "mode": "managed",
      "type": "google_compute_disk",
      "name": "teste02",
      "provider": "provider.google",
      "instances": [
        {
          "schema_version": 0,
          "attributes": {
            "creation_timestamp": "2020-07-26T08:41:08.723-07:00",
            "description": "",
            "disk_encryption_key": [],
            "id": "projects/molten-seat-282522/zones/us-central1-a/disks/teste02",
            "image": "",
            "label_fingerprint": "42WmSpB8rSM=",
            "labels": {},
            "last_attach_timestamp": "2020-07-26T08:41:10.805-07:00",
            "last_detach_timestamp": "",
            "name": "teste02",
            "physical_block_size_bytes": 4096,
            "project": "molten-seat-282522",
            "self_link": "https://www.googleapis.com/compute/v1/projects/molten-seat-282522/zones/us-central1-a/disks/teste02",
            "size": 50,
            "snapshot": "",
            "source_image_encryption_key": [],
            "source_image_id": "",
            "source_snapshot_encryption_key": [],
            "source_snapshot_id": "",
            "timeouts": null,
            "type": "pd-standard",
            "users": [
              "https://www.googleapis.com/compute/v1/projects/molten-seat-282522/zones/us-central1-a/instances/teste02"
            ],
            "zone": "us-central1-a"
          }
        }
      ]
    }
  ]
}
