{
  "version": 4,
  "terraform_version": "0.12.28",
  "serial": 20,
  "lineage": "14190b47-665c-575d-71e2-47b89acc6c2a",
  "outputs": {},
  "resources": [
    {
      "mode": "managed",
      "type": "google_compute_network",
      "name": "teste02",
      "provider": "provider.google",
      "instances": [
        {
          "schema_version": 0,
          "attributes": {
            "auto_create_subnetworks": true,
            "delete_default_routes_on_create": false,
            "description": "",
            "gateway_ipv4": "",
            "id": "projects/molten-seat-282522/global/networks/teste02",
            "ipv4_range": null,
            "name": "teste02",
            "project": "molten-seat-282522",
            "routing_mode": "REGIONAL",
            "self_link": "https://www.googleapis.com/compute/v1/projects/molten-seat-282522/global/networks/teste02",
            "timeouts": null
          }
        }
      ]
    }
  ]
}
